
Microsoft Visual Studio Solution File, Format Version 12.00
# Visual Studio 15
VisualStudioVersion = 15.0.26124.0
MinimumVisualStudioVersion = 15.0.26124.0
Project("{FAE04EC0-301F-11D3-BF4B-00C04F79EFBC}") = "RepoApi.Service", "RepoApi.Service\RepoApi.Service.csproj", "{330D8A0B-84D2-4D45-9714-B68DA4DCEA93}"
EndProject
Project("{FAE04EC0-301F-11D3-BF4B-00C04F79EFBC}") = "RepoApi.Testing", "RepoApi.Testing\RepoApi.Testing.csproj", "{FF8EC55A-E42C-4575-A976-EAE77319C81F}"
EndProject
Global
	GlobalSection(SolutionConfigurationPlatforms) = preSolution
		Debug|Any CPU = Debug|Any CPU
		Debug|x64 = Debug|x64
		Debug|x86 = Debug|x86
		Release|Any CPU = Release|Any CPU
		Release|x64 = Release|x64
		Release|x86 = Release|x86
	EndGlobalSection
	GlobalSection(SolutionProperties) = preSolution
		HideSolutionNode = FALSE
	EndGlobalSection
	GlobalSection(ProjectConfigurationPlatforms) = postSolution
		{330D8A0B-84D2-4D45-9714-B68DA4DCEA93}.Debug|Any CPU.ActiveCfg = Debug|Any CPU
		{330D8A0B-84D2-4D45-9714-B68DA4DCEA93}.Debug|Any CPU.Build.0 = Debug|Any CPU
		{330D8A0B-84D2-4D45-9714-B68DA4DCEA93}.Debug|x64.ActiveCfg = Debug|Any CPU
		{330D8A0B-84D2-4D45-9714-B68DA4DCEA93}.Debug|x64.Build.0 = Debug|Any CPU
		{330D8A0B-84D2-4D45-9714-B68DA4DCEA93}.Debug|x86.ActiveCfg = Debug|Any CPU
		{330D8A0B-84D2-4D45-9714-B68DA4DCEA93}.Debug|x86.Build.0 = Debug|Any CPU
		{330D8A0B-84D2-4D45-9714-B68DA4DCEA93}.Release|Any CPU.ActiveCfg = Release|Any CPU
		{330D8A0B-84D2-4D45-9714-B68DA4DCEA93}.Release|Any CPU.Build.0 = Release|Any CPU
		{330D8A0B-84D2-4D45-9714-B68DA4DCEA93}.Release|x64.ActiveCfg = Release|Any CPU
		{330D8A0B-84D2-4D45-9714-B68DA4DCEA93}.Release|x64.Build.0 = Release|Any CPU
		{330D8A0B-84D2-4D45-9714-B68DA4DCEA93}.Release|x86.ActiveCfg = Release|Any CPU
		{330D8A0B-84D2-4D45-9714-B68DA4DCEA93}.Release|x86.Build.0 = Release|Any CPU
		{FF8EC55A-E42C-4575-A976-EAE77319C81F}.Debug|Any CPU.ActiveCfg = Debug|Any CPU
		{FF8EC55A-E42C-4575-A976-EAE77319C81F}.Debug|Any CPU.Build.0 = Debug|Any CPU
		{FF8EC55A-E42C-4575-A976-EAE77319C81F}.Debug|x64.ActiveCfg = Debug|Any CPU
		{FF8EC55A-E42C-4575-A976-EAE77319C81F}.Debug|x64.Build.0 = Debug|Any CPU
		{FF8EC55A-E42C-4575-A976-EAE77319C81F}.Debug|x86.ActiveCfg = Debug|Any CPU
		{FF8EC55A-E42C-4575-A976-EAE77319C81F}.Debug|x86.Build.0 = Debug|Any CPU
		{FF8EC55A-E42C-4575-A976-EAE77319C81F}.Release|Any CPU.ActiveCfg = Release|Any CPU
		{FF8EC55A-E42C-4575-A976-EAE77319C81F}.Release|Any CPU.Build.0 = Release|Any CPU
		{FF8EC55A-E42C-4575-A976-EAE77319C81F}.Release|x64.ActiveCfg = Release|Any CPU
		{FF8EC55A-E42C-4575-A976-EAE77319C81F}.Release|x64.Build.0 = Release|Any CPU
		{FF8EC55A-E42C-4575-A976-EAE77319C81F}.Release|x86.ActiveCfg = Release|Any CPU
		{FF8EC55A-E42C-4575-A976-EAE77319C81F}.Release|x86.Build.0 = Release|Any CPU
	EndGlobalSection
EndGlobal
